<?xml version="1.0" encoding="utf-8"?>
<Project ToolsVersion="4.0" xmlns="http://schemas.microsoft.com/developer/msbuild/2003">
  <ItemGroup>
    <Filter Include="Source Files">
      <UniqueIdentifier>{4FC737F1-C7A5-4376-A066-2A32D752A2FF}</UniqueIdentifier>
      <Extensions>cpp;c;cc;cxx;c++;cppm;ixx;def;odl;idl;hpj;bat;asm;asmx</Extensions>
    </Filter>
    <Filter Include="Header Files">
      <UniqueIdentifier>{93995380-89BD-4b04-88EB-625FBE52EBFB}</UniqueIdentifier>
      <Extensions>h;hh;hpp;hxx;h++;hm;inl;inc;ipp;xsd</Extensions>
    </Filter>
    <Filter Include="Resource Files">
      <UniqueIdentifier>{67DA6AB6-F800-4c08-8B7A-83BB121AAD01}</UniqueIdentifier>
      <Extensions>rc;ico;cur;bmp;dlg;rc2;rct;bin;rgs;gif;jpg;jpeg;jpe;resx;tiff;tif;png;wav;mfcribbon-ms</Extensions>
    </Filter>
    <Filter Include="Resource Files\Wwise">
      <UniqueIdentifier>{cfec5866-c030-4c55-9e5d-efece0929ec5}</UniqueIdentifier>
    </Filter>
    <Filter Include="GameObject">
      <UniqueIdentifier>{c425a415-c9eb-4711-877e-57be2747c6b1}</UniqueIdentifier>
    </Filter>
    <Filter Include="Managers">
      <UniqueIdentifier>{d088ccf0-ece5-4ac1-8ad5-ee96e43c9c4d}</UniqueIdentifier>
    </Filter>
    <Filter Include="Components">
      <UniqueIdentifier>{2fb7eb1a-ea0d-4316-8fc4-72d0861584b0}</UniqueIdentifier>
    </Filter>
  </ItemGroup>
  <ItemGroup>
    <ClCompile Include="Main.cpp">
      <Filter>Source Files</Filter>
    </ClCompile>
    <ClCompile Include="WwiseAPI.cpp">
      <Filter>Source Files</Filter>
    </ClCompile>
    <ClCompile Include="WwiseSource\AkDefaultIOHookBlocking.cpp">
      <Filter>Resource Files\Wwise</Filter>
    </ClCompile>
    <ClCompile Include="WwiseSource\AkDefaultIOHookDeferred.cpp">
      <Filter>Resource Files\Wwise</Filter>
    </ClCompile>
    <ClCompile Include="WwiseSource\AkDefaultLowLevelIODispatcher.cpp">
      <Filter>Resource Files\Wwise</Filter>
    </ClCompile>
    <ClCompile Include="WwiseSource\AkFileLocationBase.cpp">
      <Filter>Resource Files\Wwise</Filter>
    </ClCompile>
    <ClCompile Include="WwiseSource\AkFilePackage.cpp">
      <Filter>Resource Files\Wwise</Filter>
    </ClCompile>
    <ClCompile Include="WwiseSource\AkFilePackageLUT.cpp">
      <Filter>Resource Files\Wwise</Filter>
    </ClCompile>
    <ClCompile Include="WwiseSource\AkGeneratedSoundBanksResolver.cpp">
      <Filter>Resource Files\Wwise</Filter>
    </ClCompile>
    <ClCompile Include="WwiseSource\AkJobWorkerMgr.cpp">
      <Filter>Resource Files\Wwise</Filter>
    </ClCompile>
    <ClCompile Include="WwiseSource\AkMultipleFileLocation.cpp">
      <Filter>Resource Files\Wwise</Filter>
    </ClCompile>
    <ClCompile Include="WwiseSource\AkPlatformProfilerHooks.cpp">
      <Filter>Resource Files\Wwise</Filter>
    </ClCompile>
    <ClCompile Include="WwiseSource\stdafx.cpp">
      <Filter>Resource Files\Wwise</Filter>
    </ClCompile>
    <ClCompile Include="Game.cpp">
      <Filter>Source Files</Filter>
    </ClCompile>
    <ClCompile Include="GoMesh.h">
      <Filter>GameObject</Filter>
    </ClCompile>
    <ClCompile Include="GameObjectManager.cpp">
      <Filter>Managers</Filter>
    </ClCompile>
    <ClCompile Include="CameraComponent.cpp">
      <Filter>Components</Filter>
    </ClCompile>
    <ClCompile Include="ControllerComponent.cpp">
      <Filter>Components</Filter>
    </ClCompile>
    <ClCompile Include="RenderComponent.cpp">
      <Filter>Components</Filter>
    </ClCompile>
    <ClCompile Include="WwiseObjectComponent.cpp">
      <Filter>Components</Filter>
    </ClCompile>
    <ClCompile Include="WwiseRoomManager.cpp">
      <Filter>Managers</Filter>
    </ClCompile>
    <ClCompile Include="DiffractionManager.cpp">
      <Filter>Components</Filter>
    </ClCompile>
    <ClCompile Include="WwisePortalComponent.cpp">
      <Filter>Components</Filter>
    </ClCompile>
    <ClCompile Include="WwiseRoomComponent.cpp">
      <Filter>Components</Filter>
    </ClCompile>
    <ClCompile Include="GameObject.cpp">
      <Filter>GameObject</Filter>
    </ClCompile>
    <ClCompile Include="RenderManager.cpp">
      <Filter>Managers</Filter>
    </ClCompile>
  </ItemGroup>
  <ItemGroup>
    <ClInclude Include="WwiseAPI.h">
      <Filter>Header Files</Filter>
    </ClInclude>
    <ClInclude Include="WwiseSource\AkDefaultIOHookBlocking.h">
      <Filter>Resource Files\Wwise</Filter>
    </ClInclude>
    <ClInclude Include="WwiseSource\AkDefaultIOHookDeferred.h">
      <Filter>Resource Files\Wwise</Filter>
    </ClInclude>
    <ClInclude Include="WwiseSource\AkDefaultLowLevelIODispatcher.h">
      <Filter>Resource Files\Wwise</Filter>
    </ClInclude>
    <ClInclude Include="WwiseSource\AkFileHelpers.h">
      <Filter>Resource Files\Wwise</Filter>
    </ClInclude>
    <ClInclude Include="WwiseSource\AkFileHelpersBase.h">
      <Filter>Resource Files\Wwise</Filter>
    </ClInclude>
    <ClInclude Include="WwiseSource\AkFileLocationBase.h">
      <Filter>Resource Files\Wwise</Filter>
    </ClInclude>
    <ClInclude Include="WwiseSource\AkFilePackage.h">
      <Filter>Resource Files\Wwise</Filter>
    </ClInclude>
    <ClInclude Include="WwiseSource\AkFilePackageLowLevelIO.h">
      <Filter>Resource Files\Wwise</Filter>
    </ClInclude>
    <ClInclude Include="WwiseSource\AkFilePackageLowLevelIOBlocking.h">
      <Filter>Resource Files\Wwise</Filter>
    </ClInclude>
    <ClInclude Include="WwiseSource\AkFilePackageLowLevelIODeferred.h">
      <Filter>Resource Files\Wwise</Filter>
    </ClInclude>
    <ClInclude Include="WwiseSource\AkFilePackageLUT.h">
      <Filter>Resource Files\Wwise</Filter>
    </ClInclude>
    <ClInclude Include="WwiseSource\AkGeneratedSoundBanksResolver.h">
      <Filter>Resource Files\Wwise</Filter>
    </ClInclude>
    <ClInclude Include="WwiseSource\AkJobWorkerMgr.h">
      <Filter>Resource Files\Wwise</Filter>
    </ClInclude>
    <ClInclude Include="WwiseSource\AkMultipleFileLocation.h">
      <Filter>Resource Files\Wwise</Filter>
    </ClInclude>
    <ClInclude Include="WwiseSource\AkPlatformProfilerHooks.h">
      <Filter>Resource Files\Wwise</Filter>
    </ClInclude>
    <ClInclude Include="WwiseSource\stdafx.h">
      <Filter>Resource Files\Wwise</Filter>
    </ClInclude>
    <ClInclude Include="Game.h">
      <Filter>Header Files</Filter>
    </ClInclude>
    <ClInclude Include="GO_Transform.h">
      <Filter>GameObject</Filter>
    </ClInclude>
    <ClInclude Include="GO_Vector3.h">
      <Filter>GameObject</Filter>
    </ClInclude>
    <ClInclude Include="GameObject.h">
      <Filter>GameObject</Filter>
    </ClInclude>
    <ClInclude Include="Triangle.h">
      <Filter>GameObject</Filter>
    </ClInclude>
    <ClInclude Include="GameObjectManager.h">
      <Filter>Managers</Filter>
    </ClInclude>
    <ClInclude Include="Component.h">
      <Filter>Components</Filter>
    </ClInclude>
    <ClInclude Include="CameraComponent.h">
      <Filter>Components</Filter>
    </ClInclude>
    <ClInclude Include="Components.h">
      <Filter>Components</Filter>
    </ClInclude>
    <ClInclude Include="ControllerComponent.h">
      <Filter>Components</Filter>
    </ClInclude>
    <ClInclude Include="RenderComponent.h">
      <Filter>Components</Filter>
    </ClInclude>
    <ClInclude Include="WwiseObjectComponent.h">
      <Filter>Components</Filter>
    </ClInclude>
    <ClInclude Include="GoVertex.h">
      <Filter>Header Files</Filter>
    </ClInclude>
    <ClInclude Include="WwiseRoomManager.h">
      <Filter>Managers</Filter>
    </ClInclude>
    <ClInclude Include="GO_BoundingBox.h">
      <Filter>Header Files</Filter>
    </ClInclude>
    <ClInclude Include="DiffractionPath.h">
      <Filter>Components</Filter>
    </ClInclude>
    <ClInclude Include="WwisePortalComponent.h">
      <Filter>Components</Filter>
    </ClInclude>
    <ClInclude Include="WwiseRoomComponent.h">
      <Filter>Components</Filter>
    </ClInclude>
    <ClInclude Include="DiffractionManager.h">
      <Filter>Components</Filter>
    </ClInclude>
    <ClInclude Include="RenderManager.h">
      <Filter>Managers</Filter>
    </ClInclude>
    <ClInclude Include="Wwise\GeneratedSoundBanks\Wwise_IDs.h">
      <Filter>Header Files</Filter>
    </ClInclude>
    <ClInclude Include="..\raylib-master\src\raylib.h">
      <Filter>Header Files</Filter>
    </ClInclude>
    <ClInclude Include="..\raylib-master\src\raymath.h">
      <Filter>Header Files</Filter>
    </ClInclude>
    <ClInclude Include="..\raylib-master\src\rcamera.h">
      <Filter>Header Files</Filter>
    </ClInclude>
    <ClInclude Include="..\raylib-master\src\rlgl.h">
      <Filter>Header Files</Filter>
    </ClInclude>
    <ClInclude Include="..\raylib-master\examples\shaders\rlights.h">
      <Filter>Header Files</Filter>
    </ClInclude>
  </ItemGroup>
  <ItemGroup>
    <None Include="WwiseSource\AkFilePackageLowLevelIO.inl">
      <Filter>Resource Files\Wwise</Filter>
    </None>
    <None Include="Resources\Models\truck_green.mtl" />
    <None Include="Wwise\GeneratedSoundBanks\Windows\1355168291.bnk" />
    <None Include="Wwise\GeneratedSoundBanks\Windows\3161908922.bnk" />
  </ItemGroup>
  <ItemGroup>
    <Image Include="Resources\Models\Textures\truck.png">
      <Filter>Resource Files</Filter>
    </Image>
    <Image Include="Resources\Models\Textures\truck_alien.png">
      <Filter>Resource Files</Filter>
    </Image>
  </ItemGroup>
  <ItemGroup>
    <Media Include="Resources\Models\truck_green.obj" />
  </ItemGroup>
  <ItemGroup>
    <Xml Include="Wwise\GeneratedSoundBanks\ProjectInfo.xml" />
    <Xml Include="Wwise\GeneratedSoundBanks\Windows\PlatformInfo.xml" />
    <Xml Include="Wwise\GeneratedSoundBanks\Windows\PluginInfo.xml" />
    <Xml Include="Wwise\GeneratedSoundBanks\Windows\SoundbanksInfo.xml" />
  </ItemGroup>
  <ItemGroup>
    <Text Include="Wwise\GeneratedSoundBanks\Windows\1355168291.txt" />
    <Text Include="Wwise\GeneratedSoundBanks\Windows\3161908922.txt" />
  </ItemGroup>
</Project>